
Microsoft Visual Studio Solution File, Format Version 12.00
# Visual Studio Version 17
VisualStudioVersion = 17.5.002.0
MinimumVisualStudioVersion = 10.0.40219.1
Project("{2150E333-8FDC-42A3-9474-1A3956D46DE8}") = "prepare", "prepare", "{5F8A200E-C1B8-418B-8990-C7D04D95A4C1}"
EndProject
Project("{9A19103F-16F7-4668-BE54-9A1E7A4F7556}") = "Learning02", "prepare\Learning02\Learning02.csproj", "{7D43E16B-00DF-4A6A-B44F-274F892D2B17}"
EndProject
Project("{9A19103F-16F7-4668-BE54-9A1E7A4F7556}") = "Learning05", "prepare\Learning05\Learning05.csproj", "{E3EFCBA3-EEFD-4F61-A9E8-7BBFFDCE2E33}"
EndProject
Project("{9A19103F-16F7-4668-BE54-9A1E7A4F7556}") = "Learning04", "prepare\Learning04\Learning04.csproj", "{F185B8C3-D7A7-4F23-8938-638944A0CC70}"
EndProject
Project("{9A19103F-16F7-4668-BE54-9A1E7A4F7556}") = "Learning03", "prepare\Learning03\Learning03.csproj", "{7F30EB2B-FB0F-47AA-9078-8D08C2C72B90}"
EndProject
Project("{2150E333-8FDC-42A3-9474-1A3956D46DE8}") = "prove", "prove", "{D750EDBE-6B9B-452F-8F98-39AB4D5ADF7C}"
EndProject
Project("{9A19103F-16F7-4668-BE54-9A1E7A4F7556}") = "Develop03", "prove\Develop03\Develop03.csproj", "{13862947-9FDC-414B-A9B1-8183170A86FE}"
EndProject
Project("{9A19103F-16F7-4668-BE54-9A1E7A4F7556}") = "Develop04", "prove\Develop04\Develop04.csproj", "{C47CE5BE-7D70-4890-AC19-6F97239793D6}"
EndProject
Project("{9A19103F-16F7-4668-BE54-9A1E7A4F7556}") = "Develop05", "prove\Develop05\Develop05.csproj", "{088CB281-E272-4327-8301-0A1EB3C4D2F2}"
EndProject
Project("{9A19103F-16F7-4668-BE54-9A1E7A4F7556}") = "Develop02", "prove\Develop02\Develop02.csproj", "{F558E9DA-FEBE-4602-BE9B-E0652E11CB53}"
EndProject
Project("{2150E333-8FDC-42A3-9474-1A3956D46DE8}") = "sandbox", "sandbox", "{6BF73F9A-2947-4AE4-BC35-D64DFD5BCC34}"
EndProject
Project("{9A19103F-16F7-4668-BE54-9A1E7A4F7556}") = "Sandbox", "sandbox\Sandbox\Sandbox.csproj", "{73B4CD09-0DE5-46BF-A57D-33483362D590}"
EndProject
Project("{2150E333-8FDC-42A3-9474-1A3956D46DE8}") = "final", "final", "{54FA87F2-F188-427B-9586-5715EA5AC981}"
EndProject
Project("{9A19103F-16F7-4668-BE54-9A1E7A4F7556}") = "FinalProject", "final\FinalProject\FinalProject.csproj", "{C123267D-3BAD-49BE-B80A-E6D151692F1C}"
EndProject
Project("{9A19103F-16F7-4668-BE54-9A1E7A4F7556}") = "Foundation1", "final\Foundation1\Foundation1.csproj", "{C3D59618-FFDF-4443-81DD-39B6B167FECC}"
EndProject
Project("{9A19103F-16F7-4668-BE54-9A1E7A4F7556}") = "Foundation4", "final\Foundation4\Foundation4.csproj", "{941F4E4F-BFA0-46B2-BDA9-F29266D37D22}"
EndProject
Project("{9A19103F-16F7-4668-BE54-9A1E7A4F7556}") = "Foundation3", "final\Foundation3\Foundation3.csproj", "{76F94D59-3372-4940-A22D-800A39F5681F}"
EndProject
Project("{9A19103F-16F7-4668-BE54-9A1E7A4F7556}") = "Foundation2", "final\Foundation2\Foundation2.csproj", "{43FA5CC9-79D0-496C-9217-E52235ED3709}"
EndProject
Project("{2150E333-8FDC-42A3-9474-1A3956D46DE8}") = "csharp-prep", "csharp-prep", "{9912E676-55D4-423B-B582-7154E9BACF5D}"
EndProject
Project("{9A19103F-16F7-4668-BE54-9A1E7A4F7556}") = "Prep1", "csharp-prep\Prep1\Prep1.csproj", "{2040DA19-922A-46D7-885A-F0F152ADD478}"
EndProject
Project("{9A19103F-16F7-4668-BE54-9A1E7A4F7556}") = "Prep5", "csharp-prep\Prep5\Prep5.csproj", "{F53EDD38-A31D-4CA3-9B89-D549BDC6E83F}"
EndProject
Project("{9A19103F-16F7-4668-BE54-9A1E7A4F7556}") = "Prep2", "csharp-prep\Prep2\Prep2.csproj", "{D063D9BD-10B7-40DE-8CFE-20548E760B7D}"
EndProject
Project("{9A19103F-16F7-4668-BE54-9A1E7A4F7556}") = "Prep3", "csharp-prep\Prep3\Prep3.csproj", "{4455F6C5-6034-4A33-BED2-40352F3EA5C6}"
EndProject
Project("{9A19103F-16F7-4668-BE54-9A1E7A4F7556}") = "Prep4", "csharp-prep\Prep4\Prep4.csproj", "{D7456346-D13A-44C6-8704-44D7BCC96A18}"
EndProject
Global
	GlobalSection(SolutionConfigurationPlatforms) = preSolution
		Debug|Any CPU = Debug|Any CPU
		Release|Any CPU = Release|Any CPU
	EndGlobalSection
	GlobalSection(ProjectConfigurationPlatforms) = postSolution
		{7D43E16B-00DF-4A6A-B44F-274F892D2B17}.Debug|Any CPU.ActiveCfg = Debug|Any CPU
		{7D43E16B-00DF-4A6A-B44F-274F892D2B17}.Debug|Any CPU.Build.0 = Debug|Any CPU
		{7D43E16B-00DF-4A6A-B44F-274F892D2B17}.Release|Any CPU.ActiveCfg = Release|Any CPU
		{7D43E16B-00DF-4A6A-B44F-274F892D2B17}.Release|Any CPU.Build.0 = Release|Any CPU
		{E3EFCBA3-EEFD-4F61-A9E8-7BBFFDCE2E33}.Debug|Any CPU.ActiveCfg = Debug|Any CPU
		{E3EFCBA3-EEFD-4F61-A9E8-7BBFFDCE2E33}.Debug|Any CPU.Build.0 = Debug|Any CPU
		{E3EFCBA3-EEFD-4F61-A9E8-7BBFFDCE2E33}.Release|Any CPU.ActiveCfg = Release|Any CPU
		{E3EFCBA3-EEFD-4F61-A9E8-7BBFFDCE2E33}.Release|Any CPU.Build.0 = Release|Any CPU
		{F185B8C3-D7A7-4F23-8938-638944A0CC70}.Debug|Any CPU.ActiveCfg = Debug|Any CPU
		{F185B8C3-D7A7-4F23-8938-638944A0CC70}.Debug|Any CPU.Build.0 = Debug|Any CPU
		{F185B8C3-D7A7-4F23-8938-638944A0CC70}.Release|Any CPU.ActiveCfg = Release|Any CPU
		{F185B8C3-D7A7-4F23-8938-638944A0CC70}.Release|Any CPU.Build.0 = Release|Any CPU
		{7F30EB2B-FB0F-47AA-9078-8D08C2C72B90}.Debug|Any CPU.ActiveCfg = Debug|Any CPU
		{7F30EB2B-FB0F-47AA-9078-8D08C2C72B90}.Debug|Any CPU.Build.0 = Debug|Any CPU
		{7F30EB2B-FB0F-47AA-9078-8D08C2C72B90}.Release|Any CPU.ActiveCfg = Release|Any CPU
		{7F30EB2B-FB0F-47AA-9078-8D08C2C72B90}.Release|Any CPU.Build.0 = Release|Any CPU
		{13862947-9FDC-414B-A9B1-8183170A86FE}.Debug|Any CPU.ActiveCfg = Debug|Any CPU
		{13862947-9FDC-414B-A9B1-8183170A86FE}.Debug|Any CPU.Build.0 = Debug|Any CPU
		{13862947-9FDC-414B-A9B1-8183170A86FE}.Release|Any CPU.ActiveCfg = Release|Any CPU
		{13862947-9FDC-414B-A9B1-8183170A86FE}.Release|Any CPU.Build.0 = Release|Any CPU
		{C47CE5BE-7D70-4890-AC19-6F97239793D6}.Debug|Any CPU.ActiveCfg = Debug|Any CPU
		{C47CE5BE-7D70-4890-AC19-6F97239793D6}.Debug|Any CPU.Build.0 = Debug|Any CPU
		{C47CE5BE-7D70-4890-AC19-6F97239793D6}.Release|Any CPU.ActiveCfg = Release|Any CPU
		{C47CE5BE-7D70-4890-AC19-6F97239793D6}.Release|Any CPU.Build.0 = Release|Any CPU
		{088CB281-E272-4327-8301-0A1EB3C4D2F2}.Debug|Any CPU.ActiveCfg = Debug|Any CPU
		{088CB281-E272-4327-8301-0A1EB3C4D2F2}.Debug|Any CPU.Build.0 = Debug|Any CPU
		{088CB281-E272-4327-8301-0A1EB3C4D2F2}.Release|Any CPU.ActiveCfg = Release|Any CPU
		{088CB281-E272-4327-8301-0A1EB3C4D2F2}.Release|Any CPU.Build.0 = Release|Any CPU
		{F558E9DA-FEBE-4602-BE9B-E0652E11CB53}.Debug|Any CPU.ActiveCfg = Debug|Any CPU
		{F558E9DA-FEBE-4602-BE9B-E0652E11CB53}.Debug|Any CPU.Build.0 = Debug|Any CPU
		{F558E9DA-FEBE-4602-BE9B-E0652E11CB53}.Release|Any CPU.ActiveCfg = Release|Any CPU
		{F558E9DA-FEBE-4602-BE9B-E0652E11CB53}.Release|Any CPU.Build.0 = Release|Any CPU
		{73B4CD09-0DE5-46BF-A57D-33483362D590}.Debug|Any CPU.ActiveCfg = Debug|Any CPU
		{73B4CD09-0DE5-46BF-A57D-33483362D590}.Debug|Any CPU.Build.0 = Debug|Any CPU
		{73B4CD09-0DE5-46BF-A57D-33483362D590}.Release|Any CPU.ActiveCfg = Release|Any CPU
		{73B4CD09-0DE5-46BF-A57D-33483362D590}.Release|Any CPU.Build.0 = Release|Any CPU
		{C123267D-3BAD-49BE-B80A-E6D151692F1C}.Debug|Any CPU.ActiveCfg = Debug|Any CPU
		{C123267D-3BAD-49BE-B80A-E6D151692F1C}.Debug|Any CPU.Build.0 = Debug|Any CPU
		{C123267D-3BAD-49BE-B80A-E6D151692F1C}.Release|Any CPU.ActiveCfg = Release|Any CPU
		{C123267D-3BAD-49BE-B80A-E6D151692F1C}.Release|Any CPU.Build.0 = Release|Any CPU
		{C3D59618-FFDF-4443-81DD-39B6B167FECC}.Debug|Any CPU.ActiveCfg = Debug|Any CPU
		{C3D59618-FFDF-4443-81DD-39B6B167FECC}.Debug|Any CPU.Build.0 = Debug|Any CPU
		{C3D59618-FFDF-4443-81DD-39B6B167FECC}.Release|Any CPU.ActiveCfg = Release|Any CPU
		{C3D59618-FFDF-4443-81DD-39B6B167FECC}.Release|Any CPU.Build.0 = Release|Any CPU
		{941F4E4F-BFA0-46B2-BDA9-F29266D37D22}.Debug|Any CPU.ActiveCfg = Debug|Any CPU
		{941F4E4F-BFA0-46B2-BDA9-F29266D37D22}.Debug|Any CPU.Build.0 = Debug|Any CPU
		{941F4E4F-BFA0-46B2-BDA9-F29266D37D22}.Release|Any CPU.ActiveCfg = Release|Any CPU
		{941F4E4F-BFA0-46B2-BDA9-F29266D37D22}.Release|Any CPU.Build.0 = Release|Any CPU
		{76F94D59-3372-4940-A22D-800A39F5681F}.Debug|Any CPU.ActiveCfg = Debug|Any CPU
		{76F94D59-3372-4940-A22D-800A39F5681F}.Debug|Any CPU.Build.0 = Debug|Any CPU
		{76F94D59-3372-4940-A22D-800A39F5681F}.Release|Any CPU.ActiveCfg = Release|Any CPU
		{76F94D59-3372-4940-A22D-800A39F5681F}.Release|Any CPU.Build.0 = Release|Any CPU
		{43FA5CC9-79D0-496C-9217-E52235ED3709}.Debug|Any CPU.ActiveCfg = Debug|Any CPU
		{43FA5CC9-79D0-496C-9217-E52235ED3709}.Debug|Any CPU.Build.0 = Debug|Any CPU
		{43FA5CC9-79D0-496C-9217-E52235ED3709}.Release|Any CPU.ActiveCfg = Release|Any CPU
		{43FA5CC9-79D0-496C-9217-E52235ED3709}.Release|Any CPU.Build.0 = Release|Any CPU
		{2040DA19-922A-46D7-885A-F0F152ADD478}.Debug|Any CPU.ActiveCfg = Debug|Any CPU
		{2040DA19-922A-46D7-885A-F0F152ADD478}.Debug|Any CPU.Build.0 = Debug|Any CPU
		{2040DA19-922A-46D7-885A-F0F152ADD478}.Release|Any CPU.ActiveCfg = Release|Any CPU
		{2040DA19-922A-46D7-885A-F0F152ADD478}.Release|Any CPU.Build.0 = Release|Any CPU
		{F53EDD38-A31D-4CA3-9B89-D549BDC6E83F}.Debug|Any CPU.ActiveCfg = Debug|Any CPU
		{F53EDD38-A31D-4CA3-9B89-D549BDC6E83F}.Debug|Any CPU.Build.0 = Debug|Any CPU
		{F53EDD38-A31D-4CA3-9B89-D549BDC6E83F}.Release|Any CPU.ActiveCfg = Release|Any CPU
		{F53EDD38-A31D-4CA3-9B89-D549BDC6E83F}.Release|Any CPU.Build.0 = Release|Any CPU
		{D063D9BD-10B7-40DE-8CFE-20548E760B7D}.Debug|Any CPU.ActiveCfg = Debug|Any CPU
		{D063D9BD-10B7-40DE-8CFE-20548E760B7D}.Debug|Any CPU.Build.0 = Debug|Any CPU
		{D063D9BD-10B7-40DE-8CFE-20548E760B7D}.Release|Any CPU.ActiveCfg = Release|Any CPU
		{D063D9BD-10B7-40DE-8CFE-20548E760B7D}.Release|Any CPU.Build.0 = Release|Any CPU
		{4455F6C5-6034-4A33-BED2-40352F3EA5C6}.Debug|Any CPU.ActiveCfg = Debug|Any CPU
		{4455F6C5-6034-4A33-BED2-40352F3EA5C6}.Debug|Any CPU.Build.0 = Debug|Any CPU
		{4455F6C5-6034-4A33-BED2-40352F3EA5C6}.Release|Any CPU.ActiveCfg = Release|Any CPU
		{4455F6C5-6034-4A33-BED2-40352F3EA5C6}.Release|Any CPU.Build.0 = Release|Any CPU
		{D7456346-D13A-44C6-8704-44D7BCC96A18}.Debug|Any CPU.ActiveCfg = Debug|Any CPU
		{D7456346-D13A-44C6-8704-44D7BCC96A18}.Debug|Any CPU.Build.0 = Debug|Any CPU
		{D7456346-D13A-44C6-8704-44D7BCC96A18}.Release|Any CPU.ActiveCfg = Release|Any CPU
		{D7456346-D13A-44C6-8704-44D7BCC96A18}.Release|Any CPU.Build.0 = Release|Any CPU
	EndGlobalSection
	GlobalSection(SolutionProperties) = preSolution
		HideSolutionNode = FALSE
	EndGlobalSection
	GlobalSection(NestedProjects) = preSolution
		{7D43E16B-00DF-4A6A-B44F-274F892D2B17} = {5F8A200E-C1B8-418B-8990-C7D04D95A4C1}
		{E3EFCBA3-EEFD-4F61-A9E8-7BBFFDCE2E33} = {5F8A200E-C1B8-418B-8990-C7D04D95A4C1}
		{F185B8C3-D7A7-4F23-8938-638944A0CC70} = {5F8A200E-C1B8-418B-8990-C7D04D95A4C1}
		{7F30EB2B-FB0F-47AA-9078-8D08C2C72B90} = {5F8A200E-C1B8-418B-8990-C7D04D95A4C1}
		{13862947-9FDC-414B-A9B1-8183170A86FE} = {D750EDBE-6B9B-452F-8F98-39AB4D5ADF7C}
		{C47CE5BE-7D70-4890-AC19-6F97239793D6} = {D750EDBE-6B9B-452F-8F98-39AB4D5ADF7C}
		{088CB281-E272-4327-8301-0A1EB3C4D2F2} = {D750EDBE-6B9B-452F-8F98-39AB4D5ADF7C}
		{F558E9DA-FEBE-4602-BE9B-E0652E11CB53} = {D750EDBE-6B9B-452F-8F98-39AB4D5ADF7C}
		{73B4CD09-0DE5-46BF-A57D-33483362D590} = {6BF73F9A-2947-4AE4-BC35-D64DFD5BCC34}
		{C123267D-3BAD-49BE-B80A-E6D151692F1C} = {54FA87F2-F188-427B-9586-5715EA5AC981}
		{C3D59618-FFDF-4443-81DD-39B6B167FECC} = {54FA87F2-F188-427B-9586-5715EA5AC981}
		{941F4E4F-BFA0-46B2-BDA9-F29266D37D22} = {54FA87F2-F188-427B-9586-5715EA5AC981}
		{76F94D59-3372-4940-A22D-800A39F5681F} = {54FA87F2-F188-427B-9586-5715EA5AC981}
		{43FA5CC9-79D0-496C-9217-E52235ED3709} = {54FA87F2-F188-427B-9586-5715EA5AC981}
		{2040DA19-922A-46D7-885A-F0F152ADD478} = {9912E676-55D4-423B-B582-7154E9BACF5D}
		{F53EDD38-A31D-4CA3-9B89-D549BDC6E83F} = {9912E676-55D4-423B-B582-7154E9BACF5D}
		{D063D9BD-10B7-40DE-8CFE-20548E760B7D} = {9912E676-55D4-423B-B582-7154E9BACF5D}
		{4455F6C5-6034-4A33-BED2-40352F3EA5C6} = {9912E676-55D4-423B-B582-7154E9BACF5D}
		{D7456346-D13A-44C6-8704-44D7BCC96A18} = {9912E676-55D4-423B-B582-7154E9BACF5D}
	EndGlobalSection
	GlobalSection(ExtensibilityGlobals) = postSolution
		SolutionGuid = {F945FEA3-CA86-419C-996D-14E40295B859}
	EndGlobalSection
EndGlobal
